lockfileVersion: '9.0'

settings:
  autoInstallPeers: true
  excludeLinksFromLockfile: false

importers:

  .:
    dependencies:
      mixpanel-browser:
        specifier: ^2.61.1
        version: 2.61.1
    devDependencies:
      '@types/mixpanel-browser':
        specifier: ^2.51.0
        version: 2.51.0
      typescript:
        specifier: ^5.8.2
        version: 5.8.2

packages:

  '@rrweb/types@2.0.0-alpha.18':
    resolution: {integrity: sha512-iMH3amHthJZ9x3gGmBPmdfim7wLGygC2GciIkw2A6SO8giSn8PHYtRT8OKNH4V+k3SZ6RSnYHcTQxBA7pSWZ3Q==}

  '@types/css-font-loading-module@0.0.7':
    resolution: {integrity: sha512-nl09VhutdjINdWyXxHWN/w9zlNCfr60JUqJbd24YXUuCwgeL0TpFSdElCwb6cxfB6ybE19Gjj4g0jsgkXxKv1Q==}

  '@types/mixpanel-browser@2.51.0':
    resolution: {integrity: sha512-or4HZRDmqMJ1OP+O6h4hB+tVDKJffpVi2bFxi/Gem5TGnE94I7OtWKXtrwdDfSGhfOLL+WQIOUOxUZHAzHNi8A==}

  '@xstate/fsm@1.6.5':
    resolution: {integrity: sha512-b5o1I6aLNeYlU/3CPlj/Z91ybk1gUsKT+5NAJI+2W4UjvS5KLG28K9v5UvNoFVjHV8PajVZ00RH3vnjyQO7ZAw==}

  base64-arraybuffer@1.0.2:
    resolution: {integrity: sha512-I3yl4r9QB5ZRY3XuJVEPfc2XhZO6YweFPI+UovAzn+8/hb3oJ6lnysaFcjVpkCPfVWFUDvoZ8kmVDP7WyRtYtQ==}
    engines: {node: '>= 0.6.0'}

  fflate@0.4.8:
    resolution: {integrity: sha512-FJqqoDBR00Mdj9ppamLa/Y7vxm+PRmNWA67N846RvsoYVMKB4q3y/de5PA7gUmRMYK/8CMz2GDZQmCRN1wBcWA==}

  mitt@3.0.1:
    resolution: {integrity: sha512-vKivATfr97l2/QBCYAkXYDbrIWPM2IIKEl7YPhjCvKlG3kE2gm+uBo6nEXK3M5/Ffh/FLpKExzOQ3JJoJGFKBw==}

  mixpanel-browser@2.61.1:
    resolution: {integrity: sha512-M1yanr4T6TDn0wupEKdPVEcNtoMOGnFBcETMkU1O9gfLhvmPlt/GXZb2jY7sA3LmYLtH3o+uXRSETSdLSjb38Q==}

  nanoid@3.3.9:
    resolution: {integrity: sha512-SppoicMGpZvbF1l3z4x7No3OlIjP7QJvC9XR7AhZr1kL133KHnKPztkKDc+Ir4aJ/1VhTySrtKhrsycmrMQfvg==}
    engines: {node: ^10 || ^12 || ^13.7 || ^14 || >=15.0.1}
    hasBin: true

  picocolors@1.1.1:
    resolution: {integrity: sha512-xceH2snhtb5M9liqDsmEw56le376mTZkEX/jEb/RxNFyegNul7eNslCXP9FDj/Lcu0X8KEyMceP2ntpaHrDEVA==}

  postcss@8.5.3:
    resolution: {integrity: sha512-dle9A3yYxlBSrt8Fu+IpjGT8SY8hN0mlaA6GY8t0P5PjIOZemULz/E2Bnm/2dcUOena75OTNkHI76uZBNUUq3A==}
    engines: {node: ^10 || ^12 || >=14}

  rrdom@2.0.0-alpha.18:
    resolution: {integrity: sha512-fSFzFFxbqAViITyYVA4Z0o5G6p1nEqEr/N8vdgSKie9Rn0FJxDSNJgjV0yiCIzcDs0QR+hpvgFhpbdZ6JIr5Nw==}

  rrweb-snapshot@2.0.0-alpha.18:
    resolution: {integrity: sha512-hBHZL/NfgQX6wO1D9mpwqFu1NJPpim+moIcKhFEjVTZVRUfCln+LOugRc4teVTCISYHN8Cw5e2iNTWCSm+SkoA==}

  rrweb@2.0.0-alpha.13:
    resolution: {integrity: sha512-a8GXOCnzWHNaVZPa7hsrLZtNZ3CGjiL+YrkpLo0TfmxGLhjNZbWY2r7pE06p+FcjFNlgUVTmFrSJbK3kO7yxvw==}

  source-map-js@1.2.1:
    resolution: {integrity: sha512-UXWMKhLOwVKb728IUtQPXxfYU+usdybtUrK/8uGE8CQMvrhOpwvzDBwj0QhSL7MQc7vIsISBG8VQ8+IDQxpfQA==}
    engines: {node: '>=0.10.0'}

  typescript@5.8.2:
    resolution: {integrity: sha512-aJn6wq13/afZp/jT9QZmwEjDqqvSGp1VT5GVg+f/t6/oVyrgXM6BY1h9BRh/O5p3PlUPAe+WuiEZOmb/49RqoQ==}
    engines: {node: '>=14.17'}
    hasBin: true

snapshots:

  '@rrweb/types@2.0.0-alpha.18': {}

  '@types/css-font-loading-module@0.0.7': {}

  '@types/mixpanel-browser@2.51.0': {}

  '@xstate/fsm@1.6.5': {}

  base64-arraybuffer@1.0.2: {}

  fflate@0.4.8: {}

  mitt@3.0.1: {}

  mixpanel-browser@2.61.1:
    dependencies:
      rrweb: 2.0.0-alpha.13

  nanoid@3.3.9: {}

  picocolors@1.1.1: {}

  postcss@8.5.3:
    dependencies:
      nanoid: 3.3.9
      picocolors: 1.1.1
      source-map-js: 1.2.1

  rrdom@2.0.0-alpha.18:
    dependencies:
      rrweb-snapshot: 2.0.0-alpha.18

  rrweb-snapshot@2.0.0-alpha.18:
    dependencies:
      postcss: 8.5.3

  rrweb@2.0.0-alpha.13:
    dependencies:
      '@rrweb/types': 2.0.0-alpha.18
      '@types/css-font-loading-module': 0.0.7
      '@xstate/fsm': 1.6.5
      base64-arraybuffer: 1.0.2
      fflate: 0.4.8
      mitt: 3.0.1
      rrdom: 2.0.0-alpha.18
      rrweb-snapshot: 2.0.0-alpha.18

  source-map-js@1.2.1: {}

  typescript@5.8.2: {}
